# generated by rye
# use `rye lock` or `rye sync` to update this lockfile
#
# last locked with the following flags:
#   pre: false
#   features: []
#   all-features: false
#   with-sources: false

-e file:.
blinker==1.8.1
    # via flask
click==8.1.7
    # via ampycure
    # via flask
contourpy==1.2.1
    # via matplotlib
coverage==5.5
    # via coverage
    # via eyed3
cycler==0.12.1
    # via ampycure
    # via matplotlib
deprecation==2.1.0
    # via eyed3
eyed3==0.9.7
    # via ampycure
ffprobe==0.5
    # via ampycure
filetype==1.2.0
    # via eyed3
flask==3.0.3
    # via ampycure
    # via flask-sqlalchemy
flask-sqlalchemy==3.1.1
    # via ampycure
fonttools==4.51.0
    # via matplotlib
gunicorn==22.0.0
    # via ampycure
itsdangerous==2.2.0
    # via ampycure
    # via flask
jinja2==3.1.3
    # via ampycure
    # via flask
joblib==1.4.0
    # via scikit-learn
kiwisolver==1.4.5
    # via ampycure
    # via matplotlib
markupsafe==2.1.5
    # via ampycure
    # via jinja2
    # via werkzeug
matplotlib==3.8.4
    # via ampycure
numpy==1.26.4
    # via ampycure
    # via contourpy
    # via matplotlib
    # via scikit-learn
    # via scipy
packaging==24.0
    # via deprecation
    # via gunicorn
    # via matplotlib
pillow==10.3.0
    # via matplotlib
psycopg2==2.9.9
    # via ampycure
pyaudioanalysis==0.3.14
    # via ampycure
pydub==0.25.1
    # via ampycure
pyparsing==3.1.2
    # via ampycure
    # via matplotlib
python-dateutil==2.9.0.post0
    # via ampycure
    # via matplotlib
python-magic==0.4.27
    # via ampycure
scikit-learn==1.4.2
    # via ampycure
scipy==1.13.0
    # via ampycure
    # via scikit-learn
six==1.16.0
    # via ampycure
    # via python-dateutil
sqlalchemy==2.0.29
    # via ampycure
    # via flask-sqlalchemy
threadpoolctl==3.5.0
    # via scikit-learn
toml==0.10.2
    # via coverage
typing-extensions==4.11.0
    # via sqlalchemy
werkzeug==3.0.2
    # via ampycure
    # via flask
